schema: '2.0'
stages:
  data_ingestion:
    cmd: python src/data_ingestion.py
    deps:
    - path: src/data_ingestion.py
      hash: md5
      md5: 2c9d378ef11a4630464fe9b725320cd8
      size: 4106
    params:
      params.yaml:
        data_ingestion.test_size: 0.2
    outs:
    - path: data/raw
      hash: md5
      md5: 1a287d34dc172d9f950c03dae35f7e73.dir
      size: 484846
      nfiles: 2
  data_preprocessing:
    cmd: python src/data_preprocessing.py
    deps:
    - path: data/raw
      hash: md5
      md5: 1a287d34dc172d9f950c03dae35f7e73.dir
      size: 484846
      nfiles: 2
    - path: src/data_preprocessing.py
      hash: md5
      md5: d70720b254ed403e7729517144106f52
      size: 4348
    outs:
    - path: data/interim
      hash: md5
      md5: afd70572643bd5dea2d67315c7195f23.dir
      size: 260073
      nfiles: 2
  feature_engineering:
    cmd: python src/feature_engineering.py
    deps:
    - path: data/interim
      hash: md5
      md5: afd70572643bd5dea2d67315c7195f23.dir
      size: 260073
      nfiles: 2
    - path: src/feature_engineering.py
      hash: md5
      md5: 9a59cf46990307e6495d17aeaae9f4ac
      size: 4350
    params:
      params.yaml:
        feature_engineering.max_feature: 50
    outs:
    - path: data/processed
      hash: md5
      md5: 785e7d1c7924a99f47b57ddd1ce9a55d.dir
      size: 1180186
      nfiles: 2
  model_building:
    cmd: python src/model_building.py
    deps:
    - path: data/processed
      hash: md5
      md5: 785e7d1c7924a99f47b57ddd1ce9a55d.dir
      size: 1180186
      nfiles: 2
    - path: src/model_building.py
      hash: md5
      md5: 5ac5b1e27cd01d404d073582b3f455ae
      size: 5497
    params:
      params.yaml:
        model_building.n_estimators: 22
        model_building.random_state: 2
    outs:
    - path: data/models
      hash: md5
      md5: f91e608fdc4ea0183dda8b0fa7ee0618.dir
      size: 882725
      nfiles: 1
  model_evaluation:
    cmd: python src/model_evaluation.py
    deps:
    - path: data/models
      hash: md5
      md5: f91e608fdc4ea0183dda8b0fa7ee0618.dir
      size: 882725
      nfiles: 1
    - path: src/model_evaluation.py
      hash: md5
      md5: 082351f488b363ccf47f6c15d9ed8031
      size: 5149
    outs:
    - path: data/reports
      hash: md5
      md5: dc9e16e8b1581b8ef195c73668d3cb00.dir
      size: 145
      nfiles: 1
