schema: '2.0'
stages:
  data_ingestion:
    cmd: python src/data_ingestion.py
    deps:
    - path: src/data_ingestion.py
      hash: md5
      md5: 2c9d378ef11a4630464fe9b725320cd8
      size: 4106
    params:
      params.yaml:
        data_ingestion.test_size: 0.2
    outs:
    - path: data/raw
      hash: md5
      md5: 1a287d34dc172d9f950c03dae35f7e73.dir
      size: 484846
      nfiles: 2
  data_preprocessing:
    cmd: python src/data_preprocessing.py
    deps:
    - path: data/raw
      hash: md5
      md5: 1a287d34dc172d9f950c03dae35f7e73.dir
      size: 484846
      nfiles: 2
    - path: src/data_preprocessing.py
      hash: md5
      md5: d70720b254ed403e7729517144106f52
      size: 4348
    outs:
    - path: data/interim
      hash: md5
      md5: afd70572643bd5dea2d67315c7195f23.dir
      size: 260073
      nfiles: 2
  feature_engineering:
    cmd: python src/feature_engineering.py
    deps:
    - path: data/interim
      hash: md5
      md5: afd70572643bd5dea2d67315c7195f23.dir
      size: 260073
      nfiles: 2
    - path: src/feature_engineering.py
      hash: md5
      md5: 9a59cf46990307e6495d17aeaae9f4ac
      size: 4350
    params:
      params.yaml:
        feature_engineering.max_feature: 42
    outs:
    - path: data/processed
      hash: md5
      md5: c979f1055d40cc344b9ccee51179aa11.dir
      size: 996417
      nfiles: 2
  model_building:
    cmd: python src/model_building.py
    deps:
    - path: data/processed
      hash: md5
      md5: c979f1055d40cc344b9ccee51179aa11.dir
      size: 996417
      nfiles: 2
    - path: src/model_building.py
      hash: md5
      md5: 5ac5b1e27cd01d404d073582b3f455ae
      size: 5497
    params:
      params.yaml:
        model_building.n_estimators: 25
        model_building.random_state: 2
    outs:
    - path: data/models
      hash: md5
      md5: e11cbd7f0d229eb3d572c1fa2300516b.dir
      size: 857655
      nfiles: 1
  model_evaluation:
    cmd: python src/model_evaluation.py
    deps:
    - path: data/models
      hash: md5
      md5: e11cbd7f0d229eb3d572c1fa2300516b.dir
      size: 857655
      nfiles: 1
    - path: src/model_evaluation.py
      hash: md5
      md5: c4edadd5c0d9df528e11f4758a409684
      size: 4110
    outs:
    - path: data/reports
      hash: md5
      md5: cfdca209e83d7da3ed92da8d8ba4d457.dir
      size: 132
      nfiles: 1
